// !$*UTF8*$!
{
	archiveVersion = 1;
	classes = {
	};
	objectVersion = 77;
	objects = {

/* Begin PBXContainerItemProxy section */
		E1E6E7CB2F0B4F970072F541 /* PBXContainerItemProxy */ = {
			isa = PBXContainerItemProxy;
			containerPortal = E1E6E7B22F0B4F960072F541 /* Project object */;
			proxyType = 1;
			remoteGlobalIDString = E1E6E7B92F0B4F960072F541;
			remoteInfo = Wroto;
		};
		E1E6E7D52F0B4F970072F541 /* PBXContainerItemProxy */ = {
			isa = PBXContainerItemProxy;
			containerPortal = E1E6E7B22F0B4F960072F541 /* Project object */;
			proxyType = 1;
			remoteGlobalIDString = E1E6E7B92F0B4F960072F541;
			remoteInfo = Wroto;
		};
/* End PBXContainerItemProxy section */

/* Begin PBXFileReference section */
		E1E6E7BA2F0B4F960072F541 /* Wroto.app */ = {isa = PBXFileReference; explicitFileType = wrapper.application; includeInIndex = 0; path = Wroto.app; sourceTree = BUILT_PRODUCTS_DIR; };
		E1E6E7CA2F0B4F970072F541 /* WrotoTests.xctest */ = {isa = PBXFileReference; explicitFileType = wrapper.cfbundle; includeInIndex = 0; path = WrotoTests.xctest; sourceTree = BUILT_PRODUCTS_DIR; };
		E1E6E7D42F0B4F970072F541 /* WrotoUITests.xctest */ = {isa = PBXFileReference; explicitFileType = wrapper.cfbundle; includeInIndex = 0; path = WrotoUITests.xctest; sourceTree = BUILT_PRODUCTS_DIR; };
/* End PBXFileReference section */

/* Begin PBXFileSystemSynchronizedRootGroup section */
		E1E6E7BC2F0B4F960072F541 /* Wroto */ = {
			isa = PBXFileSystemSynchronizedRootGroup;
			path = Wroto;
			sourceTree = "<group>";
		};
		E1E6E7CD2F0B4F970072F541 /* WrotoTests */ = {
			isa = PBXFileSystemSynchronizedRootGroup;
			path = WrotoTests;
			sourceTree = "<group>";
		};
		E1E6E7D72F0B4F970072F541 /* WrotoUITests */ = {
			isa = PBXFileSystemSynchronizedRootGroup;
			path = WrotoUITests;
			sourceTree = "<group>";
		};
/* End PBXFileSystemSynchronizedRootGroup section */

/* Begin PBXFrameworksBuildPhase section */
		E1E6E7B72F0B4F960072F541 /* Frameworks */ = {
			isa = PBXFrameworksBuildPhase;
			buildActionMask = 2147483647;
			files = (
			);
			runOnlyForDeploymentPostprocessing = 0;
		};
		E1E6E7C72F0B4F970072F541 /* Frameworks */ = {
			isa = PBXFrameworksBuildPhase;
			buildActionMask = 2147483647;
			files = (
			);
			runOnlyForDeploymentPostprocessing = 0;
		};
		E1E6E7D12F0B4F970072F541 /* Frameworks */ = {
			isa = PBXFrameworksBuildPhase;
			buildActionMask = 2147483647;
			files = (
			);
			runOnlyForDeploymentPostprocessing = 0;
		};
/* End PBXFrameworksBuildPhase section */

/* Begin PBXGroup section */
		E1E6E7B12F0B4F960072F541 = {
			isa = PBXGroup;
			children = (
				E1E6E7BC2F0B4F960072F541 /* Wroto */,
				E1E6E7CD2F0B4F970072F541 /* WrotoTests */,
				E1E6E7D72F0B4F970072F541 /* WrotoUITests */,
				E1E6E7BB2F0B4F960072F541 /* Products */,
			);
			sourceTree = "<group>";
		};
		E1E6E7BB2F0B4F960072F541 /* Products */ = {
			isa = PBXGroup;
			children = (
				E1E6E7BA2F0B4F960072F541 /* Wroto.app */,
				E1E6E7CA2F0B4F970072F541 /* WrotoTests.xctest */,
				E1E6E7D42F0B4F970072F541 /* WrotoUITests.xctest */,
			);
			name = Products;
			sourceTree = "<group>";
		};
/* End PBXGroup section */

/* Begin PBXNativeTarget section */
		E1E6E7B92F0B4F960072F541 /* Wroto */ = {
			isa = PBXNativeTarget;
			buildConfigurationList = E1E6E7DE2F0B4F970072F541 /* Build configuration list for PBXNativeTarget "Wroto" */;
			buildPhases = (
				E1E6E7B62F0B4F960072F541 /* Sources */,
				E1E6E7B72F0B4F960072F541 /* Frameworks */,
				E1E6E7B82F0B4F960072F541 /* Resources */,
			);
			buildRules = (
			);
			dependencies = (
			);
			fileSystemSynchronizedGroups = (
				E1E6E7BC2F0B4F960072F541 /* Wroto */,
			);
			name = Wroto;
			packageProductDependencies = (
			);
			productName = Wroto;
			productReference = E1E6E7BA2F0B4F960072F541 /* Wroto.app */;
			productType = "com.apple.product-type.application";
		};
		E1E6E7C92F0B4F970072F541 /* WrotoTests */ = {
			isa = PBXNativeTarget;
			buildConfigurationList = E1E6E7E12F0B4F970072F541 /* Build configuration list for PBXNativeTarget "WrotoTests" */;
			buildPhases = (
				E1E6E7C62F0B4F970072F541 /* Sources */,
				E1E6E7C72F0B4F970072F541 /* Frameworks */,
				E1E6E7C82F0B4F970072F541 /* Resources */,
			);
			buildRules = (
			);
			dependencies = (
				E1E6E7CC2F0B4F970072F541 /* PBXTargetDependency */,
			);
			fileSystemSynchronizedGroups = (
				E1E6E7CD2F0B4F970072F541 /* WrotoTests */,
			);
			name = WrotoTests;
			packageProductDependencies = (
			);
			productName = WrotoTests;
			productReference = E1E6E7CA2F0B4F970072F541 /* WrotoTests.xctest */;
			productType = "com.apple.product-type.bundle.unit-test";
		};
		E1E6E7D32F0B4F970072F541 /* WrotoUITests */ = {
			isa = PBXNativeTarget;
			buildConfigurationList = E1E6E7E42F0B4F970072F541 /* Build configuration list for PBXNativeTarget "WrotoUITests" */;
			buildPhases = (
				E1E6E7D02F0B4F970072F541 /* Sources */,
				E1E6E7D12F0B4F970072F541 /* Frameworks */,
				E1E6E7D22F0B4F970072F541 /* Resources */,
			);
			buildRules = (
			);
			dependencies = (
				E1E6E7D62F0B4F970072F541 /* PBXTargetDependency */,
			);
			fileSystemSynchronizedGroups = (
				E1E6E7D72F0B4F970072F541 /* WrotoUITests */,
			);
			name = WrotoUITests;
			packageProductDependencies = (
			);
			productName = WrotoUITests;
			productReference = E1E6E7D42F0B4F970072F541 /* WrotoUITests.xctest */;
			productType = "com.apple.product-type.bundle.ui-testing";
		};
/* End PBXNativeTarget section */

/* Begin PBXProject section */
		E1E6E7B22F0B4F960072F541 /* Project object */ = {
			isa = PBXProject;
			attributes = {
				BuildIndependentTargetsInParallel = 1;
				LastSwiftUpdateCheck = 1620;
				LastUpgradeCheck = 1620;
				TargetAttributes = {
					E1E6E7B92F0B4F960072F541 = {
						CreatedOnToolsVersion = 16.2;
					};
					E1E6E7C92F0B4F970072F541 = {
						CreatedOnToolsVersion = 16.2;
						TestTargetID = E1E6E7B92F0B4F960072F541;
					};
					E1E6E7D32F0B4F970072F541 = {
						CreatedOnToolsVersion = 16.2;
						TestTargetID = E1E6E7B92F0B4F960072F541;
					};
				};
			};
			buildConfigurationList = E1E6E7B52F0B4F960072F541 /* Build configuration list for PBXProject "Wroto" */;
			developmentRegion = en;
			hasScannedForEncodings = 0;
			knownRegions = (
				en,
				Base,
			);
			mainGroup = E1E6E7B12F0B4F960072F541;
			minimizedProjectReferenceProxies = 1;
			preferredProjectObjectVersion = 77;
			productRefGroup = E1E6E7BB2F0B4F960072F541 /* Products */;
			projectDirPath = "";
			projectRoot = "";
			targets = (
				E1E6E7B92F0B4F960072F541 /* Wroto */,
				E1E6E7C92F0B4F970072F541 /* WrotoTests */,
				E1E6E7D32F0B4F970072F541 /* WrotoUITests */,
			);
		};
/* End PBXProject section */

/* Begin PBXResourcesBuildPhase section */
		E1E6E7B82F0B4F960072F541 /* Resources */ = {
			isa = PBXResourcesBuildPhase;
			buildActionMask = 2147483647;
			files = (
			);
			runOnlyForDeploymentPostprocessing = 0;
		};
		E1E6E7C82F0B4F970072F541 /* Resources */ = {
			isa = PBXResourcesBuildPhase;
			buildActionMask = 2147483647;
			files = (
			);
			runOnlyForDeploymentPostprocessing = 0;
		};
		E1E6E7D22F0B4F970072F541 /* Resources */ = {
			isa = PBXResourcesBuildPhase;
			buildActionMask = 2147483647;
			files = (
			);
			runOnlyForDeploymentPostprocessing = 0;
		};
/* End PBXResourcesBuildPhase section */

/* Begin PBXSourcesBuildPhase section */
		E1E6E7B62F0B4F960072F541 /* Sources */ = {
			isa = PBXSourcesBuildPhase;
			buildActionMask = 2147483647;
			files = (
			);
			runOnlyForDeploymentPostprocessing = 0;
		};
		E1E6E7C62F0B4F970072F541 /* Sources */ = {
			isa = PBXSourcesBuildPhase;
			buildActionMask = 2147483647;
			files = (
			);
			runOnlyForDeploymentPostprocessing = 0;
		};
		E1E6E7D02F0B4F970072F541 /* Sources */ = {
			isa = PBXSourcesBuildPhase;
			buildActionMask = 2147483647;
			files = (
			);
			runOnlyForDeploymentPostprocessing = 0;
		};
/* End PBXSourcesBuildPhase section */

/* Begin PBXTargetDependency section */
		E1E6E7CC2F0B4F970072F541 /* PBXTargetDependency */ = {
			isa = PBXTargetDependency;
			target = E1E6E7B92F0B4F960072F541 /* Wroto */;
			targetProxy = E1E6E7CB2F0B4F970072F541 /* PBXContainerItemProxy */;
		};
		E1E6E7D62F0B4F970072F541 /* PBXTargetDependency */ = {
			isa = PBXTargetDependency;
			target = E1E6E7B92F0B4F960072F541 /* Wroto */;
			targetProxy = E1E6E7D52F0B4F970072F541 /* PBXContainerItemProxy */;
		};
/* End PBXTargetDependency section */

/* Begin XCBuildConfiguration section */
		E1E6E7DC2F0B4F970072F541 /* Debug */ = {
			isa = XCBuildConfiguration;
			buildSettings = {
				ALWAYS_SEARCH_USER_PATHS = NO;
				ASSETCATALOG_COMPILER_GENERATE_SWIFT_ASSET_SYMBOL_EXTENSIONS = YES;
				CLANG_ANALYZER_NONNULL = YES;
				CLANG_ANALYZER_NUMBER_OBJECT_CONVERSION = YES_AGGRESSIVE;
				CLANG_CXX_LANGUAGE_STANDARD = "gnu++20";
				CLANG_ENABLE_MODULES = YES;
				CLANG_ENABLE_OBJC_ARC = YES;
				CLANG_ENABLE_OBJC_WEAK = YES;
				CLANG_WARN_BLOCK_CAPTURE_AUTORELEASING = YES;
				CLANG_WARN_BOOL_CONVERSION = YES;
				CLANG_WARN_COMMA = YES;
				CLANG_WARN_CONSTANT_CONVERSION = YES;
				CLANG_WARN_DEPRECATED_OBJC_IMPLEMENTATIONS = YES;
				CLANG_WARN_DIRECT_OBJC_ISA_USAGE = YES_ERROR;
				CLANG_WARN_DOCUMENTATION_COMMENTS = YES;
				CLANG_WARN_EMPTY_BODY = YES;
				CLANG_WARN_ENUM_CONVERSION = YES;
				CLANG_WARN_INFINITE_RECURSION = YES;
				CLANG_WARN_INT_CONVERSION = YES;
				CLANG_WARN_NON_LITERAL_NULL_CONVERSION = YES;
				CLANG_WARN_OBJC_IMPLICIT_RETAIN_SELF = YES;
				CLANG_WARN_OBJC_LITERAL_CONVERSION = YES;
				CLANG_WARN_OBJC_ROOT_CLASS = YES_ERROR;
				CLANG_WARN_QUOTED_INCLUDE_IN_FRAMEWORK_HEADER = YES;
				CLANG_WARN_RANGE_LOOP_ANALYSIS = YES;
				CLANG_WARN_STRICT_PROTOTYPES = YES;
				CLANG_WARN_SUSPICIOUS_MOVE = YES;
				CLANG_WARN_UNGUARDED_AVAILABILITY = YES_AGGRESSIVE;
				CLANG_WARN_UNREACHABLE_CODE = YES;
				CLANG_WARN__DUPLICATE_METHOD_MATCH = YES;
				COPY_PHASE_STRIP = NO;
				DEBUG_INFORMATION_FORMAT = dwarf;
				ENABLE_STRICT_OBJC_MSGSEND = YES;
				ENABLE_TESTABILITY = YES;
				ENABLE_USER_SCRIPT_SANDBOXING = YES;
				GCC_C_LANGUAGE_STANDARD = gnu17;
				GCC_DYNAMIC_NO_PIC = NO;
				GCC_NO_COMMON_BLOCKS = YES;
				GCC_OPTIMIZATION_LEVEL = 0;
				GCC_PREPROCESSOR_DEFINITIONS = (
					"DEBUG=1",
					"$(inherited)",
				);
				GCC_WARN_64_TO_32_BIT_CONVERSION = YES;
				GCC_WARN_ABOUT_RETURN_TYPE = YES_ERROR;
				GCC_WARN_UNDECLARED_SELECTOR = YES;
				GCC_WARN_UNINITIALIZED_AUTOS = YES_AGGRESSIVE;
				GCC_WARN_UNUSED_FUNCTION = YES;
				GCC_WARN_UNUSED_VARIABLE = YES;
				IPHONEOS_DEPLOYMENT_TARGET = 18.2;
				LOCALIZATION_PREFERS_STRING_CATALOGS = YES;
				MTL_ENABLE_DEBUG_INFO = INCLUDE_SOURCE;
				MTL_FAST_MATH = YES;
				ONLY_ACTIVE_ARCH = YES;
				SDKROOT = iphoneos;
				SWIFT_ACTIVE_COMPILATION_CONDITIONS = "DEBUG $(inherited)";
				SWIFT_OPTIMIZATION_LEVEL = "-Onone";
			};
			name = Debug;
		};
		E1E6E7DD2F0B4F970072F541 /* Release */ = {
			isa = XCBuildConfiguration;
			buildSettings = {
				ALWAYS_SEARCH_USER_PATHS = NO;
				ASSETCATALOG_COMPILER_GENERATE_SWIFT_ASSET_SYMBOL_EXTENSIONS = YES;
				CLANG_ANALYZER_NONNULL = YES;
				CLANG_ANALYZER_NUMBER_OBJECT_CONVERSION = YES_AGGRESSIVE;
				CLANG_CXX_LANGUAGE_STANDARD = "gnu++20";
				CLANG_ENABLE_MODULES = YES;
				CLANG_ENABLE_OBJC_ARC = YES;
				CLANG_ENABLE_OBJC_WEAK = YES;
				CLANG_WARN_BLOCK_CAPTURE_AUTORELEASING = YES;
				CLANG_WARN_BOOL_CONVERSION = YES;
				CLANG_WARN_COMMA = YES;
				CLANG_WARN_CONSTANT_CONVERSION = YES;
				CLANG_WARN_DEPRECATED_OBJC_IMPLEMENTATIONS = YES;
				CLANG_WARN_DIRECT_OBJC_ISA_USAGE = YES_ERROR;
				CLANG_WARN_DOCUMENTATION_COMMENTS = YES;
				CLANG_WARN_EMPTY_BODY = YES;
				CLANG_WARN_ENUM_CONVERSION = YES;
				CLANG_WARN_INFINITE_RECURSION = YES;
				CLANG_WARN_INT_CONVERSION = YES;
				CLANG_WARN_NON_LITERAL_NULL_CONVERSION = YES;
				CLANG_WARN_OBJC_IMPLICIT_RETAIN_SELF = YES;
				CLANG_WARN_OBJC_LITERAL_CONVERSION = YES;
				CLANG_WARN_OBJC_ROOT_CLASS = YES_ERROR;
				CLANG_WARN_QUOTED_INCLUDE_IN_FRAMEWORK_HEADER = YES;
				CLANG_WARN_RANGE_LOOP_ANALYSIS = YES;
				CLANG_WARN_STRICT_PROTOTYPES = YES;
				CLANG_WARN_SUSPICIOUS_MOVE = YES;
				CLANG_WARN_UNGUARDED_AVAILABILITY = YES_AGGRESSIVE;
				CLANG_WARN_UNREACHABLE_CODE = YES;
				CLANG_WARN__DUPLICATE_METHOD_MATCH = YES;
				COPY_PHASE_STRIP = NO;
				DEBUG_INFORMATION_FORMAT = "dwarf-with-dsym";
				ENABLE_NS_ASSERTIONS = NO;
				ENABLE_STRICT_OBJC_MSGSEND = YES;
				ENABLE_USER_SCRIPT_SANDBOXING = YES;
				GCC_C_LANGUAGE_STANDARD = gnu17;
				GCC_NO_COMMON_BLOCKS = YES;
				GCC_WARN_64_TO_32_BIT_CONVERSION = YES;
				GCC_WARN_ABOUT_RETURN_TYPE = YES_ERROR;
				GCC_WARN_UNDECLARED_SELECTOR = YES;
				GCC_WARN_UNINITIALIZED_AUTOS = YES_AGGRESSIVE;
				GCC_WARN_UNUSED_FUNCTION = YES;
				GCC_WARN_UNUSED_VARIABLE = YES;
				IPHONEOS_DEPLOYMENT_TARGET = 18.2;
				LOCALIZATION_PREFERS_STRING_CATALOGS = YES;
				MTL_ENABLE_DEBUG_INFO = NO;
				MTL_FAST_MATH = YES;
				SDKROOT = iphoneos;
				SWIFT_COMPILATION_MODE = wholemodule;
				VALIDATE_PRODUCT = YES;
			};
			name = Release;
		};
		E1E6E7DF2F0B4F970072F541 /* Debug */ = {
			isa = XCBuildConfiguration;
			buildSettings = {
				ASSETCATALOG_COMPILER_APPICON_NAME = AppIcon;
				ASSETCATALOG_COMPILER_GLOBAL_ACCENT_COLOR_NAME = AccentColor;
				CODE_SIGN_STYLE = Automatic;
				CURRENT_PROJECT_VERSION = 1;
				DEVELOPMENT_ASSET_PATHS = "\"Wroto/Preview Content\"";
				DEVELOPMENT_TEAM = J44B6TTFD7;
				ENABLE_PREVIEWS = YES;
				GENERATE_INFOPLIST_FILE = YES;
				INFOPLIST_KEY_UIApplicationSceneManifest_Generation = YES;
				INFOPLIST_KEY_UIApplicationSupportsIndirectInputEvents = YES;
				INFOPLIST_KEY_UILaunchScreen_Generation = YES;
				INFOPLIST_KEY_UISupportedInterfaceOrientations_iPad = "UIInterfaceOrientationPortrait UIInterfaceOrientationPortraitUpsideDown UIInterfaceOrientationLandscapeLeft UIInterfaceOrientationLandscapeRight";
				INFOPLIST_KEY_UISupportedInterfaceOrientations_iPhone = "UIInterfaceOrientationPortrait UIInterfaceOrientationLandscapeLeft UIInterfaceOrientationLandscapeRight";
				LD_RUNPATH_SEARCH_PATHS = (
					"$(inherited)",
					"@executable_path/Frameworks",
				);
				MARKETING_VERSION = 1.0;
				PRODUCT_BUNDLE_IDENTIFIER = com.adenalhardan.Wroto;
				PRODUCT_NAME = "$(TARGET_NAME)";
				SWIFT_EMIT_LOC_STRINGS = YES;
				SWIFT_VERSION = 5.0;
				TARGETED_DEVICE_FAMILY = "1,2";
			};
			name = Debug;
		};
		E1E6E7E02F0B4F970072F541 /* Release */ = {
			isa = XCBuildConfiguration;
			buildSettings = {
				ASSETCATALOG_COMPILER_APPICON_NAME = AppIcon;
				ASSETCATALOG_COMPILER_GLOBAL_ACCENT_COLOR_NAME = AccentColor;
				CODE_SIGN_STYLE = Automatic;
				CURRENT_PROJECT_VERSION = 1;
				DEVELOPMENT_ASSET_PATHS = "\"Wroto/Preview Content\"";
				DEVELOPMENT_TEAM = J44B6TTFD7;
				ENABLE_PREVIEWS = YES;
				GENERATE_INFOPLIST_FILE = YES;
				INFOPLIST_KEY_UIApplicationSceneManifest_Generation = YES;
				INFOPLIST_KEY_UIApplicationSupportsIndirectInputEvents = YES;
				INFOPLIST_KEY_UILaunchScreen_Generation = YES;
				INFOPLIST_KEY_UISupportedInterfaceOrientations_iPad = "UIInterfaceOrientationPortrait UIInterfaceOrientationPortraitUpsideDown UIInterfaceOrientationLandscapeLeft UIInterfaceOrientationLandscapeRight";
				INFOPLIST_KEY_UISupportedInterfaceOrientations_iPhone = "UIInterfaceOrientationPortrait UIInterfaceOrientationLandscapeLeft UIInterfaceOrientationLandscapeRight";
				LD_RUNPATH_SEARCH_PATHS = (
					"$(inherited)",
					"@executable_path/Frameworks",
				);
				MARKETING_VERSION = 1.0;
				PRODUCT_BUNDLE_IDENTIFIER = com.adenalhardan.Wroto;
				PRODUCT_NAME = "$(TARGET_NAME)";
				SWIFT_EMIT_LOC_STRINGS = YES;
				SWIFT_VERSION = 5.0;
				TARGETED_DEVICE_FAMILY = "1,2";
			};
			name = Release;
		};
		E1E6E7E22F0B4F970072F541 /* Debug */ = {
			isa = XCBuildConfiguration;
			buildSettings = {
				BUNDLE_LOADER = "$(TEST_HOST)";
				CODE_SIGN_STYLE = Automatic;
				CURRENT_PROJECT_VERSION = 1;
				DEVELOPMENT_TEAM = J44B6TTFD7;
				GENERATE_INFOPLIST_FILE = YES;
				IPHONEOS_DEPLOYMENT_TARGET = 18.2;
				MARKETING_VERSION = 1.0;
				PRODUCT_BUNDLE_IDENTIFIER = com.adenalhardan.WrotoTests;
				PRODUCT_NAME = "$(TARGET_NAME)";
				SWIFT_EMIT_LOC_STRINGS = NO;
				SWIFT_VERSION = 5.0;
				TARGETED_DEVICE_FAMILY = "1,2";
				TEST_HOST = "$(BUILT_PRODUCTS_DIR)/Wroto.app/$(BUNDLE_EXECUTABLE_FOLDER_PATH)/Wroto";
			};
			name = Debug;
		};
		E1E6E7E32F0B4F970072F541 /* Release */ = {
			isa = XCBuildConfiguration;
			buildSettings = {
				BUNDLE_LOADER = "$(TEST_HOST)";
				CODE_SIGN_STYLE = Automatic;
				CURRENT_PROJECT_VERSION = 1;
				DEVELOPMENT_TEAM = J44B6TTFD7;
				GENERATE_INFOPLIST_FILE = YES;
				IPHONEOS_DEPLOYMENT_TARGET = 18.2;
				MARKETING_VERSION = 1.0;
				PRODUCT_BUNDLE_IDENTIFIER = com.adenalhardan.WrotoTests;
				PRODUCT_NAME = "$(TARGET_NAME)";
				SWIFT_EMIT_LOC_STRINGS = NO;
				SWIFT_VERSION = 5.0;
				TARGETED_DEVICE_FAMILY = "1,2";
				TEST_HOST = "$(BUILT_PRODUCTS_DIR)/Wroto.app/$(BUNDLE_EXECUTABLE_FOLDER_PATH)/Wroto";
			};
			name = Release;
		};
		E1E6E7E52F0B4F970072F541 /* Debug */ = {
			isa = XCBuildConfiguration;
			buildSettings = {
				CODE_SIGN_STYLE = Automatic;
				CURRENT_PROJECT_VERSION = 1;
				DEVELOPMENT_TEAM = J44B6TTFD7;
				GENERATE_INFOPLIST_FILE = YES;
				MARKETING_VERSION = 1.0;
				PRODUCT_BUNDLE_IDENTIFIER = com.adenalhardan.WrotoUITests;
				PRODUCT_NAME = "$(TARGET_NAME)";
				SWIFT_EMIT_LOC_STRINGS = NO;
				SWIFT_VERSION = 5.0;
				TARGETED_DEVICE_FAMILY = "1,2";
				TEST_TARGET_NAME = Wroto;
			};
			name = Debug;
		};
		E1E6E7E62F0B4F970072F541 /* Release */ = {
			isa = XCBuildConfiguration;
			buildSettings = {
				CODE_SIGN_STYLE = Automatic;
				CURRENT_PROJECT_VERSION = 1;
				DEVELOPMENT_TEAM = J44B6TTFD7;
				GENERATE_INFOPLIST_FILE = YES;
				MARKETING_VERSION = 1.0;
				PRODUCT_BUNDLE_IDENTIFIER = com.adenalhardan.WrotoUITests;
				PRODUCT_NAME = "$(TARGET_NAME)";
				SWIFT_EMIT_LOC_STRINGS = NO;
				SWIFT_VERSION = 5.0;
				TARGETED_DEVICE_FAMILY = "1,2";
				TEST_TARGET_NAME = Wroto;
			};
			name = Release;
		};
/* End XCBuildConfiguration section */

/* Begin XCConfigurationList section */
		E1E6E7B52F0B4F960072F541 /* Build configuration list for PBXProject "Wroto" */ = {
			isa = XCConfigurationList;
			buildConfigurations = (
				E1E6E7DC2F0B4F970072F541 /* Debug */,
				E1E6E7DD2F0B4F970072F541 /* Release */,
			);
			defaultConfigurationIsVisible = 0;
			defaultConfigurationName = Release;
		};
		E1E6E7DE2F0B4F970072F541 /* Build configuration list for PBXNativeTarget "Wroto" */ = {
			isa = XCConfigurationList;
			buildConfigurations = (
				E1E6E7DF2F0B4F970072F541 /* Debug */,
				E1E6E7E02F0B4F970072F541 /* Release */,
			);
			defaultConfigurationIsVisible = 0;
			defaultConfigurationName = Release;
		};
		E1E6E7E12F0B4F970072F541 /* Build configuration list for PBXNativeTarget "WrotoTests" */ = {
			isa = XCConfigurationList;
			buildConfigurations = (
				E1E6E7E22F0B4F970072F541 /* Debug */,
				E1E6E7E32F0B4F970072F541 /* Release */,
			);
			defaultConfigurationIsVisible = 0;
			defaultConfigurationName = Release;
		};
		E1E6E7E42F0B4F970072F541 /* Build configuration list for PBXNativeTarget "WrotoUITests" */ = {
			isa = XCConfigurationList;
			buildConfigurations = (
				E1E6E7E52F0B4F970072F541 /* Debug */,
				E1E6E7E62F0B4F970072F541 /* Release */,
			);
			defaultConfigurationIsVisible = 0;
			defaultConfigurationName = Release;
		};
/* End XCConfigurationList section */
	};
	rootObject = E1E6E7B22F0B4F960072F541 /* Project object */;
}
